
Microsoft Visual Studio Solution File, Format Version 12.00
# Visual Studio Version 16
VisualStudioVersion = 16.0.30114.128
MinimumVisualStudioVersion = 10.0.40219.1
Project("{FAE04EC0-301F-11D3-BF4B-00C04F79EFBC}") = "Virtualization", "Virtualization.csproj", "{25DBC7E5-7600-4CB3-9A25-0E59AF3D0E1E}"
EndProject
Global
	GlobalSection(SolutionConfigurationPlatforms) = preSolution
		Debug|Any CPU = Debug|Any CPU
		Debug|ARM = Debug|ARM
		Debug|ARM64 = Debug|ARM64
		Debug|x64 = Debug|x64
		Debug|x86 = Debug|x86
		Release|Any CPU = Release|Any CPU
		Release|ARM = Release|ARM
		Release|ARM64 = Release|ARM64
		Release|x64 = Release|x64
		Release|x86 = Release|x86
		Release-Xml|Any CPU = Release-Xml|Any CPU
		Release-Xml|ARM = Release-Xml|ARM
		Release-Xml|ARM64 = Release-Xml|ARM64
		Release-Xml|x64 = Release-Xml|x64
		Release-Xml|x86 = Release-Xml|x86
	EndGlobalSection
	GlobalSection(ProjectConfigurationPlatforms) = postSolution
		{25DBC7E5-7600-4CB3-9A25-0E59AF3D0E1E}.Debug|Any CPU.ActiveCfg = Debug|x86
		{25DBC7E5-7600-4CB3-9A25-0E59AF3D0E1E}.Debug|ARM.ActiveCfg = Debug|ARM
		{25DBC7E5-7600-4CB3-9A25-0E59AF3D0E1E}.Debug|ARM.Build.0 = Debug|ARM
		{25DBC7E5-7600-4CB3-9A25-0E59AF3D0E1E}.Debug|ARM.Deploy.0 = Debug|ARM
		{25DBC7E5-7600-4CB3-9A25-0E59AF3D0E1E}.Debug|ARM64.ActiveCfg = Debug|ARM64
		{25DBC7E5-7600-4CB3-9A25-0E59AF3D0E1E}.Debug|ARM64.Build.0 = Debug|ARM64
		{25DBC7E5-7600-4CB3-9A25-0E59AF3D0E1E}.Debug|ARM64.Deploy.0 = Debug|ARM64
		{25DBC7E5-7600-4CB3-9A25-0E59AF3D0E1E}.Debug|x64.ActiveCfg = Debug|x64
		{25DBC7E5-7600-4CB3-9A25-0E59AF3D0E1E}.Debug|x64.Build.0 = Debug|x64
		{25DBC7E5-7600-4CB3-9A25-0E59AF3D0E1E}.Debug|x64.Deploy.0 = Debug|x64
		{25DBC7E5-7600-4CB3-9A25-0E59AF3D0E1E}.Debug|x86.ActiveCfg = Debug|x86
		{25DBC7E5-7600-4CB3-9A25-0E59AF3D0E1E}.Debug|x86.Build.0 = Debug|x86
		{25DBC7E5-7600-4CB3-9A25-0E59AF3D0E1E}.Debug|x86.Deploy.0 = Debug|x86
		{25DBC7E5-7600-4CB3-9A25-0E59AF3D0E1E}.Release|Any CPU.ActiveCfg = Release|x86
		{25DBC7E5-7600-4CB3-9A25-0E59AF3D0E1E}.Release|ARM.ActiveCfg = Release|ARM
		{25DBC7E5-7600-4CB3-9A25-0E59AF3D0E1E}.Release|ARM.Build.0 = Release|ARM
		{25DBC7E5-7600-4CB3-9A25-0E59AF3D0E1E}.Release|ARM.Deploy.0 = Release|ARM
		{25DBC7E5-7600-4CB3-9A25-0E59AF3D0E1E}.Release|ARM64.ActiveCfg = Release|ARM64
		{25DBC7E5-7600-4CB3-9A25-0E59AF3D0E1E}.Release|ARM64.Build.0 = Release|ARM64
		{25DBC7E5-7600-4CB3-9A25-0E59AF3D0E1E}.Release|ARM64.Deploy.0 = Release|ARM64
		{25DBC7E5-7600-4CB3-9A25-0E59AF3D0E1E}.Release|x64.ActiveCfg = Release|x64
		{25DBC7E5-7600-4CB3-9A25-0E59AF3D0E1E}.Release|x64.Build.0 = Release|x64
		{25DBC7E5-7600-4CB3-9A25-0E59AF3D0E1E}.Release|x64.Deploy.0 = Release|x64
		{25DBC7E5-7600-4CB3-9A25-0E59AF3D0E1E}.Release|x86.ActiveCfg = Release|x86
		{25DBC7E5-7600-4CB3-9A25-0E59AF3D0E1E}.Release|x86.Build.0 = Release|x86
		{25DBC7E5-7600-4CB3-9A25-0E59AF3D0E1E}.Release|x86.Deploy.0 = Release|x86
		{25DBC7E5-7600-4CB3-9A25-0E59AF3D0E1E}.Release-Xml|Any CPU.ActiveCfg = Release|x64
		{25DBC7E5-7600-4CB3-9A25-0E59AF3D0E1E}.Release-Xml|Any CPU.Build.0 = Release|x64
		{25DBC7E5-7600-4CB3-9A25-0E59AF3D0E1E}.Release-Xml|Any CPU.Deploy.0 = Release|x64
		{25DBC7E5-7600-4CB3-9A25-0E59AF3D0E1E}.Release-Xml|ARM.ActiveCfg = Release|ARM
		{25DBC7E5-7600-4CB3-9A25-0E59AF3D0E1E}.Release-Xml|ARM.Build.0 = Release|ARM
		{25DBC7E5-7600-4CB3-9A25-0E59AF3D0E1E}.Release-Xml|ARM.Deploy.0 = Release|ARM
		{25DBC7E5-7600-4CB3-9A25-0E59AF3D0E1E}.Release-Xml|ARM64.ActiveCfg = Release|ARM64
		{25DBC7E5-7600-4CB3-9A25-0E59AF3D0E1E}.Release-Xml|ARM64.Build.0 = Release|ARM64
		{25DBC7E5-7600-4CB3-9A25-0E59AF3D0E1E}.Release-Xml|ARM64.Deploy.0 = Release|ARM64
		{25DBC7E5-7600-4CB3-9A25-0E59AF3D0E1E}.Release-Xml|x64.ActiveCfg = Release|x64
		{25DBC7E5-7600-4CB3-9A25-0E59AF3D0E1E}.Release-Xml|x64.Build.0 = Release|x64
		{25DBC7E5-7600-4CB3-9A25-0E59AF3D0E1E}.Release-Xml|x64.Deploy.0 = Release|x64
		{25DBC7E5-7600-4CB3-9A25-0E59AF3D0E1E}.Release-Xml|x86.ActiveCfg = Release|x86
		{25DBC7E5-7600-4CB3-9A25-0E59AF3D0E1E}.Release-Xml|x86.Build.0 = Release|x86
		{25DBC7E5-7600-4CB3-9A25-0E59AF3D0E1E}.Release-Xml|x86.Deploy.0 = Release|x86
	EndGlobalSection
	GlobalSection(SolutionProperties) = preSolution
		HideSolutionNode = FALSE
	EndGlobalSection
	GlobalSection(ExtensibilityGlobals) = postSolution
		SolutionGuid = {052D59EE-9DC9-4329-98D0-F0D05D09132E}
	EndGlobalSection
EndGlobal
